// !$*UTF8*$!
{
	archiveVersion = 1;
	classes = {
	};
	objectVersion = 55;
	objects = {

/* Begin PBXBuildFile section */
		F841C43627A5764200562F50 /* MyApp.swift in Sources */ = {isa = PBXBuildFile; fileRef = F841C43527A5764200562F50 /* MyApp.swift */; };
		F841C43827A5764200562F50 /* ContentView.swift in Sources */ = {isa = PBXBuildFile; fileRef = F841C43727A5764200562F50 /* ContentView.swift */; };
		F841C43A27A5764300562F50 /* Assets.xcassets in Resources */ = {isa = PBXBuildFile; fileRef = F841C43927A5764300562F50 /* Assets.xcassets */; };
		F841C43D27A5764300562F50 /* Preview Assets.xcassets in Resources */ = {isa = PBXBuildFile; fileRef = F841C43C27A5764300562F50 /* Preview Assets.xcassets */; };
		F841C44627A577C700562F50 /* HomeView.swift in Sources */ = {isa = PBXBuildFile; fileRef = F841C44527A577C700562F50 /* HomeView.swift */; };
		F841C44D27A57B8400562F50 /* UserDefaultsUtils.swift in Sources */ = {isa = PBXBuildFile; fileRef = F841C44C27A57B8400562F50 /* UserDefaultsUtils.swift */; };
		F841C44F27A57B9900562F50 /* Constants.swift in Sources */ = {isa = PBXBuildFile; fileRef = F841C44E27A57B9900562F50 /* Constants.swift */; };
		F841C45227A57EA400562F50 /* Color.swift in Sources */ = {isa = PBXBuildFile; fileRef = F841C45127A57EA400562F50 /* Color.swift */; };
/* End PBXBuildFile section */

/* Begin PBXFileReference section */
		F841C43227A5764200562F50 /* SwiftUI_DarkMode_Medium.app */ = {isa = PBXFileReference; explicitFileType = wrapper.application; includeInIndex = 0; path = SwiftUI_DarkMode_Medium.app; sourceTree = BUILT_PRODUCTS_DIR; };
		F841C43527A5764200562F50 /* MyApp.swift */ = {isa = PBXFileReference; lastKnownFileType = sourcecode.swift; path = MyApp.swift; sourceTree = "<group>"; };
		F841C43727A5764200562F50 /* ContentView.swift */ = {isa = PBXFileReference; lastKnownFileType = sourcecode.swift; path = ContentView.swift; sourceTree = "<group>"; };
		F841C43927A5764300562F50 /* Assets.xcassets */ = {isa = PBXFileReference; lastKnownFileType = folder.assetcatalog; path = Assets.xcassets; sourceTree = "<group>"; };
		F841C43C27A5764300562F50 /* Preview Assets.xcassets */ = {isa = PBXFileReference; lastKnownFileType = folder.assetcatalog; path = "Preview Assets.xcassets"; sourceTree = "<group>"; };
		F841C44527A577C700562F50 /* HomeView.swift */ = {isa = PBXFileReference; lastKnownFileType = sourcecode.swift; path = HomeView.swift; sourceTree = "<group>"; };
		F841C44B27A57B6000562F50 /* Baloo-Regular.ttf */ = {isa = PBXFileReference; lastKnownFileType = file; path = "Baloo-Regular.ttf"; sourceTree = "<group>"; };
		F841C44C27A57B8400562F50 /* UserDefaultsUtils.swift */ = {isa = PBXFileReference; fileEncoding = 4; lastKnownFileType = sourcecode.swift; path = UserDefaultsUtils.swift; sourceTree = "<group>"; };
		F841C44E27A57B9900562F50 /* Constants.swift */ = {isa = PBXFileReference; fileEncoding = 4; lastKnownFileType = sourcecode.swift; path = Constants.swift; sourceTree = "<group>"; };
		F841C45127A57EA400562F50 /* Color.swift */ = {isa = PBXFileReference; lastKnownFileType = sourcecode.swift; path = Color.swift; sourceTree = "<group>"; };
/* End PBXFileReference section */

/* Begin PBXFrameworksBuildPhase section */
		F841C42F27A5764200562F50 /* Frameworks */ = {
			isa = PBXFrameworksBuildPhase;
			buildActionMask = 2147483647;
			files = (
			);
			runOnlyForDeploymentPostprocessing = 0;
		};
/* End PBXFrameworksBuildPhase section */

/* Begin PBXGroup section */
		F841C42927A5764200562F50 = {
			isa = PBXGroup;
			children = (
				F841C43427A5764200562F50 /* SwiftUI_DarkMode_Medium */,
				F841C43327A5764200562F50 /* Products */,
			);
			sourceTree = "<group>";
		};
		F841C43327A5764200562F50 /* Products */ = {
			isa = PBXGroup;
			children = (
				F841C43227A5764200562F50 /* SwiftUI_DarkMode_Medium.app */,
			);
			name = Products;
			sourceTree = "<group>";
		};
		F841C43427A5764200562F50 /* SwiftUI_DarkMode_Medium */ = {
			isa = PBXGroup;
			children = (
				F841C45027A57E9A00562F50 /* Extensions */,
				F841C44A27A57B5700562F50 /* Fonts */,
				F841C44727A57B2200562F50 /* Utils */,
				F841C44427A5769200562F50 /* App */,
				F841C44327A5765400562F50 /* Views */,
				F841C43927A5764300562F50 /* Assets.xcassets */,
				F841C43B27A5764300562F50 /* Preview Content */,
			);
			path = SwiftUI_DarkMode_Medium;
			sourceTree = "<group>";
		};
		F841C43B27A5764300562F50 /* Preview Content */ = {
			isa = PBXGroup;
			children = (
				F841C43C27A5764300562F50 /* Preview Assets.xcassets */,
			);
			path = "Preview Content";
			sourceTree = "<group>";
		};
		F841C44327A5765400562F50 /* Views */ = {
			isa = PBXGroup;
			children = (
				F841C43727A5764200562F50 /* ContentView.swift */,
				F841C44527A577C700562F50 /* HomeView.swift */,
			);
			path = Views;
			sourceTree = "<group>";
		};
		F841C44427A5769200562F50 /* App */ = {
			isa = PBXGroup;
			children = (
				F841C43527A5764200562F50 /* MyApp.swift */,
			);
			path = App;
			sourceTree = "<group>";
		};
		F841C44727A57B2200562F50 /* Utils */ = {
			isa = PBXGroup;
			children = (
				F841C44E27A57B9900562F50 /* Constants.swift */,
				F841C44C27A57B8400562F50 /* UserDefaultsUtils.swift */,
			);
			path = Utils;
			sourceTree = "<group>";
		};
		F841C44A27A57B5700562F50 /* Fonts */ = {
			isa = PBXGroup;
			children = (
				F841C44B27A57B6000562F50 /* Baloo-Regular.ttf */,
			);
			path = Fonts;
			sourceTree = "<group>";
		};
		F841C45027A57E9A00562F50 /* Extensions */ = {
			isa = PBXGroup;
			children = (
				F841C45127A57EA400562F50 /* Color.swift */,
			);
			path = Extensions;
			sourceTree = "<group>";
		};
/* End PBXGroup section */

/* Begin PBXNativeTarget section */
		F841C43127A5764200562F50 /* SwiftUI_DarkMode_Medium */ = {
			isa = PBXNativeTarget;
			buildConfigurationList = F841C44027A5764300562F50 /* Build configuration list for PBXNativeTarget "SwiftUI_DarkMode_Medium" */;
			buildPhases = (
				F841C42E27A5764200562F50 /* Sources */,
				F841C42F27A5764200562F50 /* Frameworks */,
				F841C43027A5764200562F50 /* Resources */,
			);
			buildRules = (
			);
			dependencies = (
			);
			name = SwiftUI_DarkMode_Medium;
			productName = SwiftUI_DarkMode_Medium;
			productReference = F841C43227A5764200562F50 /* SwiftUI_DarkMode_Medium.app */;
			productType = "com.apple.product-type.application";
		};
/* End PBXNativeTarget section */

/* Begin PBXProject section */
		F841C42A27A5764200562F50 /* Project object */ = {
			isa = PBXProject;
			attributes = {
				BuildIndependentTargetsInParallel = 1;
				LastSwiftUpdateCheck = 1320;
				LastUpgradeCheck = 1320;
				TargetAttributes = {
					F841C43127A5764200562F50 = {
						CreatedOnToolsVersion = 13.2.1;
					};
				};
			};
			buildConfigurationList = F841C42D27A5764200562F50 /* Build configuration list for PBXProject "SwiftUI_DarkMode_Medium" */;
			compatibilityVersion = "Xcode 13.0";
			developmentRegion = en;
			hasScannedForEncodings = 0;
			knownRegions = (
				en,
				Base,
			);
			mainGroup = F841C42927A5764200562F50;
			productRefGroup = F841C43327A5764200562F50 /* Products */;
			projectDirPath = "";
			projectRoot = "";
			targets = (
				F841C43127A5764200562F50 /* SwiftUI_DarkMode_Medium */,
			);
		};
/* End PBXProject section */

/* Begin PBXResourcesBuildPhase section */
		F841C43027A5764200562F50 /* Resources */ = {
			isa = PBXResourcesBuildPhase;
			buildActionMask = 2147483647;
			files = (
				F841C43D27A5764300562F50 /* Preview Assets.xcassets in Resources */,
				F841C43A27A5764300562F50 /* Assets.xcassets in Resources */,
			);
			runOnlyForDeploymentPostprocessing = 0;
		};
/* End PBXResourcesBuildPhase section */

/* Begin PBXSourcesBuildPhase section */
		F841C42E27A5764200562F50 /* Sources */ = {
			isa = PBXSourcesBuildPhase;
			buildActionMask = 2147483647;
			files = (
				F841C44F27A57B9900562F50 /* Constants.swift in Sources */,
				F841C44627A577C700562F50 /* HomeView.swift in Sources */,
				F841C43827A5764200562F50 /* ContentView.swift in Sources */,
				F841C45227A57EA400562F50 /* Color.swift in Sources */,
				F841C44D27A57B8400562F50 /* UserDefaultsUtils.swift in Sources */,
				F841C43627A5764200562F50 /* MyApp.swift in Sources */,
			);
			runOnlyForDeploymentPostprocessing = 0;
		};
/* End PBXSourcesBuildPhase section */

/* Begin XCBuildConfiguration section */
		F841C43E27A5764300562F50 /* Debug */ = {
			isa = XCBuildConfiguration;
			buildSettings = {
				ALWAYS_SEARCH_USER_PATHS = NO;
				CLANG_ANALYZER_NONNULL = YES;
				CLANG_ANALYZER_NUMBER_OBJECT_CONVERSION = YES_AGGRESSIVE;
				CLANG_CXX_LANGUAGE_STANDARD = "gnu++17";
				CLANG_CXX_LIBRARY = "libc++";
				CLANG_ENABLE_MODULES = YES;
				CLANG_ENABLE_OBJC_ARC = YES;
				CLANG_ENABLE_OBJC_WEAK = YES;
				CLANG_WARN_BLOCK_CAPTURE_AUTORELEASING = YES;
				CLANG_WARN_BOOL_CONVERSION = YES;
				CLANG_WARN_COMMA = YES;
				CLANG_WARN_CONSTANT_CONVERSION = YES;
				CLANG_WARN_DEPRECATED_OBJC_IMPLEMENTATIONS = YES;
				CLANG_WARN_DIRECT_OBJC_ISA_USAGE = YES_ERROR;
				CLANG_WARN_DOCUMENTATION_COMMENTS = YES;
				CLANG_WARN_EMPTY_BODY = YES;
				CLANG_WARN_ENUM_CONVERSION = YES;
				CLANG_WARN_INFINITE_RECURSION = YES;
				CLANG_WARN_INT_CONVERSION = YES;
				CLANG_WARN_NON_LITERAL_NULL_CONVERSION = YES;
				CLANG_WARN_OBJC_IMPLICIT_RETAIN_SELF = YES;
				CLANG_WARN_OBJC_LITERAL_CONVERSION = YES;
				CLANG_WARN_OBJC_ROOT_CLASS = YES_ERROR;
				CLANG_WARN_QUOTED_INCLUDE_IN_FRAMEWORK_HEADER = YES;
				CLANG_WARN_RANGE_LOOP_ANALYSIS = YES;
				CLANG_WARN_STRICT_PROTOTYPES = YES;
				CLANG_WARN_SUSPICIOUS_MOVE = YES;
				CLANG_WARN_UNGUARDED_AVAILABILITY = YES_AGGRESSIVE;
				CLANG_WARN_UNREACHABLE_CODE = YES;
				CLANG_WARN__DUPLICATE_METHOD_MATCH = YES;
				COPY_PHASE_STRIP = NO;
				DEBUG_INFORMATION_FORMAT = dwarf;
				ENABLE_STRICT_OBJC_MSGSEND = YES;
				ENABLE_TESTABILITY = YES;
				GCC_C_LANGUAGE_STANDARD = gnu11;
				GCC_DYNAMIC_NO_PIC = NO;
				GCC_NO_COMMON_BLOCKS = YES;
				GCC_OPTIMIZATION_LEVEL = 0;
				GCC_PREPROCESSOR_DEFINITIONS = (
					"DEBUG=1",
					"$(inherited)",
				);
				GCC_WARN_64_TO_32_BIT_CONVERSION = YES;
				GCC_WARN_ABOUT_RETURN_TYPE = YES_ERROR;
				GCC_WARN_UNDECLARED_SELECTOR = YES;
				GCC_WARN_UNINITIALIZED_AUTOS = YES_AGGRESSIVE;
				GCC_WARN_UNUSED_FUNCTION = YES;
				GCC_WARN_UNUSED_VARIABLE = YES;
				IPHONEOS_DEPLOYMENT_TARGET = 15.2;
				MTL_ENABLE_DEBUG_INFO = INCLUDE_SOURCE;
				MTL_FAST_MATH = YES;
				ONLY_ACTIVE_ARCH = YES;
				SDKROOT = iphoneos;
				SWIFT_ACTIVE_COMPILATION_CONDITIONS = DEBUG;
				SWIFT_OPTIMIZATION_LEVEL = "-Onone";
			};
			name = Debug;
		};
		F841C43F27A5764300562F50 /* Release */ = {
			isa = XCBuildConfiguration;
			buildSettings = {
				ALWAYS_SEARCH_USER_PATHS = NO;
				CLANG_ANALYZER_NONNULL = YES;
				CLANG_ANALYZER_NUMBER_OBJECT_CONVERSION = YES_AGGRESSIVE;
				CLANG_CXX_LANGUAGE_STANDARD = "gnu++17";
				CLANG_CXX_LIBRARY = "libc++";
				CLANG_ENABLE_MODULES = YES;
				CLANG_ENABLE_OBJC_ARC = YES;
				CLANG_ENABLE_OBJC_WEAK = YES;
				CLANG_WARN_BLOCK_CAPTURE_AUTORELEASING = YES;
				CLANG_WARN_BOOL_CONVERSION = YES;
				CLANG_WARN_COMMA = YES;
				CLANG_WARN_CONSTANT_CONVERSION = YES;
				CLANG_WARN_DEPRECATED_OBJC_IMPLEMENTATIONS = YES;
				CLANG_WARN_DIRECT_OBJC_ISA_USAGE = YES_ERROR;
				CLANG_WARN_DOCUMENTATION_COMMENTS = YES;
				CLANG_WARN_EMPTY_BODY = YES;
				CLANG_WARN_ENUM_CONVERSION = YES;
				CLANG_WARN_INFINITE_RECURSION = YES;
				CLANG_WARN_INT_CONVERSION = YES;
				CLANG_WARN_NON_LITERAL_NULL_CONVERSION = YES;
				CLANG_WARN_OBJC_IMPLICIT_RETAIN_SELF = YES;
				CLANG_WARN_OBJC_LITERAL_CONVERSION = YES;
				CLANG_WARN_OBJC_ROOT_CLASS = YES_ERROR;
				CLANG_WARN_QUOTED_INCLUDE_IN_FRAMEWORK_HEADER = YES;
				CLANG_WARN_RANGE_LOOP_ANALYSIS = YES;
				CLANG_WARN_STRICT_PROTOTYPES = YES;
				CLANG_WARN_SUSPICIOUS_MOVE = YES;
				CLANG_WARN_UNGUARDED_AVAILABILITY = YES_AGGRESSIVE;
				CLANG_WARN_UNREACHABLE_CODE = YES;
				CLANG_WARN__DUPLICATE_METHOD_MATCH = YES;
				COPY_PHASE_STRIP = NO;
				DEBUG_INFORMATION_FORMAT = "dwarf-with-dsym";
				ENABLE_NS_ASSERTIONS = NO;
				ENABLE_STRICT_OBJC_MSGSEND = YES;
				GCC_C_LANGUAGE_STANDARD = gnu11;
				GCC_NO_COMMON_BLOCKS = YES;
				GCC_WARN_64_TO_32_BIT_CONVERSION = YES;
				GCC_WARN_ABOUT_RETURN_TYPE = YES_ERROR;
				GCC_WARN_UNDECLARED_SELECTOR = YES;
				GCC_WARN_UNINITIALIZED_AUTOS = YES_AGGRESSIVE;
				GCC_WARN_UNUSED_FUNCTION = YES;
				GCC_WARN_UNUSED_VARIABLE = YES;
				IPHONEOS_DEPLOYMENT_TARGET = 15.2;
				MTL_ENABLE_DEBUG_INFO = NO;
				MTL_FAST_MATH = YES;
				SDKROOT = iphoneos;
				SWIFT_COMPILATION_MODE = wholemodule;
				SWIFT_OPTIMIZATION_LEVEL = "-O";
				VALIDATE_PRODUCT = YES;
			};
			name = Release;
		};
		F841C44127A5764300562F50 /* Debug */ = {
			isa = XCBuildConfiguration;
			buildSettings = {
				ASSETCATALOG_COMPILER_APPICON_NAME = AppIcon;
				ASSETCATALOG_COMPILER_GLOBAL_ACCENT_COLOR_NAME = AccentColor;
				CODE_SIGN_STYLE = Automatic;
				CURRENT_PROJECT_VERSION = 1;
				DEVELOPMENT_ASSET_PATHS = "\"SwiftUI_DarkMode_Medium/Preview Content\"";
				ENABLE_PREVIEWS = YES;
				GENERATE_INFOPLIST_FILE = YES;
				INFOPLIST_KEY_UIApplicationSceneManifest_Generation = YES;
				INFOPLIST_KEY_UIApplicationSupportsIndirectInputEvents = YES;
				INFOPLIST_KEY_UILaunchScreen_Generation = YES;
				INFOPLIST_KEY_UISupportedInterfaceOrientations_iPad = "UIInterfaceOrientationPortrait UIInterfaceOrientationPortraitUpsideDown UIInterfaceOrientationLandscapeLeft UIInterfaceOrientationLandscapeRight";
				INFOPLIST_KEY_UISupportedInterfaceOrientations_iPhone = "UIInterfaceOrientationPortrait UIInterfaceOrientationLandscapeLeft UIInterfaceOrientationLandscapeRight";
				LD_RUNPATH_SEARCH_PATHS = (
					"$(inherited)",
					"@executable_path/Frameworks",
				);
				MARKETING_VERSION = 1.0;
				PRODUCT_BUNDLE_IDENTIFIER = "darkmode.medium.ios.SwiftUI-DarkMode-Medium";
				PRODUCT_NAME = "$(TARGET_NAME)";
				SWIFT_EMIT_LOC_STRINGS = YES;
				SWIFT_VERSION = 5.0;
				TARGETED_DEVICE_FAMILY = "1,2";
			};
			name = Debug;
		};
		F841C44227A5764300562F50 /* Release */ = {
			isa = XCBuildConfiguration;
			buildSettings = {
				ASSETCATALOG_COMPILER_APPICON_NAME = AppIcon;
				ASSETCATALOG_COMPILER_GLOBAL_ACCENT_COLOR_NAME = AccentColor;
				CODE_SIGN_STYLE = Automatic;
				CURRENT_PROJECT_VERSION = 1;
				DEVELOPMENT_ASSET_PATHS = "\"SwiftUI_DarkMode_Medium/Preview Content\"";
				ENABLE_PREVIEWS = YES;
				GENERATE_INFOPLIST_FILE = YES;
				INFOPLIST_KEY_UIApplicationSceneManifest_Generation = YES;
				INFOPLIST_KEY_UIApplicationSupportsIndirectInputEvents = YES;
				INFOPLIST_KEY_UILaunchScreen_Generation = YES;
				INFOPLIST_KEY_UISupportedInterfaceOrientations_iPad = "UIInterfaceOrientationPortrait UIInterfaceOrientationPortraitUpsideDown UIInterfaceOrientationLandscapeLeft UIInterfaceOrientationLandscapeRight";
				INFOPLIST_KEY_UISupportedInterfaceOrientations_iPhone = "UIInterfaceOrientationPortrait UIInterfaceOrientationLandscapeLeft UIInterfaceOrientationLandscapeRight";
				LD_RUNPATH_SEARCH_PATHS = (
					"$(inherited)",
					"@executable_path/Frameworks",
				);
				MARKETING_VERSION = 1.0;
				PRODUCT_BUNDLE_IDENTIFIER = "darkmode.medium.ios.SwiftUI-DarkMode-Medium";
				PRODUCT_NAME = "$(TARGET_NAME)";
				SWIFT_EMIT_LOC_STRINGS = YES;
				SWIFT_VERSION = 5.0;
				TARGETED_DEVICE_FAMILY = "1,2";
			};
			name = Release;
		};
/* End XCBuildConfiguration section */

/* Begin XCConfigurationList section */
		F841C42D27A5764200562F50 /* Build configuration list for PBXProject "SwiftUI_DarkMode_Medium" */ = {
			isa = XCConfigurationList;
			buildConfigurations = (
				F841C43E27A5764300562F50 /* Debug */,
				F841C43F27A5764300562F50 /* Release */,
			);
			defaultConfigurationIsVisible = 0;
			defaultConfigurationName = Release;
		};
		F841C44027A5764300562F50 /* Build configuration list for PBXNativeTarget "SwiftUI_DarkMode_Medium" */ = {
			isa = XCConfigurationList;
			buildConfigurations = (
				F841C44127A5764300562F50 /* Debug */,
				F841C44227A5764300562F50 /* Release */,
			);
			defaultConfigurationIsVisible = 0;
			defaultConfigurationName = Release;
		};
/* End XCConfigurationList section */
	};
	rootObject = F841C42A27A5764200562F50 /* Project object */;
}
